{
  "name": "process-cpu-usage",
  "version": "0.1.2",
  "lockfileVersion": 1,
  "requires": true,
  "dependencies": {
    "@types/node": {
      "version": "9.6.42",
      "resolved": "https://registry.npmjs.org/@types/node/-/node-9.6.42.tgz",
      "integrity": "sha512-SpeVQJFekfnEaZZO1yl4je/36upII36L7gOT4DBx51B1GeAB45mmDb3a5OBQB+ZeFxVVOP37r8Owsl940G/fBg==",
      "dev": true
    }
  }
}
